
Microsoft Visual Studio Solution File, Format Version 12.00
# Visual Studio Version 16
VisualStudioVersion = 16.0.34931.43
MinimumVisualStudioVersion = 10.0.40219.1
Project("{FAE04EC0-301F-11D3-BF4B-00C04F79EFBC}") = "ConsoleApp3", "ConsoleApp3.csproj", "{965A1722-D2A7-4FE2-86FB-87299BE048E1}"
EndProject
Global
	GlobalSection(SolutionConfigurationPlatforms) = preSolution
		Debug|Any CPU = Debug|Any CPU
		Release|Any CPU = Release|Any CPU
	EndGlobalSection
	GlobalSection(ProjectConfigurationPlatforms) = postSolution
		{965A1722-D2A7-4FE2-86FB-87299BE048E1}.Debug|Any CPU.ActiveCfg = Debug|Any CPU
		{965A1722-D2A7-4FE2-86FB-87299BE048E1}.Debug|Any CPU.Build.0 = Debug|Any CPU
		{965A1722-D2A7-4FE2-86FB-87299BE048E1}.Release|Any CPU.ActiveCfg = Release|Any CPU
		{965A1722-D2A7-4FE2-86FB-87299BE048E1}.Release|Any CPU.Build.0 = Release|Any CPU
	EndGlobalSection
	GlobalSection(SolutionProperties) = preSolution
		HideSolutionNode = FALSE
	EndGlobalSection
	GlobalSection(ExtensibilityGlobals) = postSolution
		SolutionGuid = {303E6DE2-0A3E-4D43-81C7-F06C783A0A2D}
	EndGlobalSection
EndGlobal
